{
  "name": "arizona",
  "version": "0.0.8",
  "lockfileVersion": 1,
  "requires": true,
  "dependencies": {
    "@google-cloud/common": {
      "version": "3.3.2",
      "resolved": "https://registry.npmjs.org/@google-cloud/common/-/common-3.3.2.tgz",
      "integrity": "sha512-W7JRLBEJWYtZQQuGQX06U6GBOSLrSrlvZxv6kGNwJtFrusu6AVgZltQ9Pajuz9Dh9aSXy9aTnBcyxn2/O0EGUw==",
      "requires": {
        "@google-cloud/projectify": "^2.0.0",
        "@google-cloud/promisify": "^2.0.0",
        "arrify": "^2.0.1",
        "duplexify": "^4.1.1",
        "ent": "^2.2.0",
        "extend": "^3.0.2",
        "google-auth-library": "^6.0.0",
        "retry-request": "^4.1.1",
        "teeny-request": "^7.0.0"
      }
    },
    "@google-cloud/projectify": {
      "version": "2.0.1",
      "resolved": "https://registry.npmjs.org/@google-cloud/projectify/-/projectify-2.0.1.tgz",
      "integrity": "sha512-ZDG38U/Yy6Zr21LaR3BTiiLtpJl6RkPS/JwoRT453G+6Q1DhlV0waNf8Lfu+YVYGIIxgKnLayJRfYlFJfiI8iQ=="
    },
    "@google-cloud/promisify": {
      "version": "2.0.2",
      "resolved": "https://registry.npmjs.org/@google-cloud/promisify/-/promisify-2.0.2.tgz",
      "integrity": "sha512-EvuabjzzZ9E2+OaYf+7P9OAiiwbTxKYL0oGLnREQd+Su2NTQBpomkdlkBowFvyWsaV0d1sSGxrKpSNcrhPqbxg=="
    },
    "@google-cloud/speech": {
      "version": "4.1.1",
      "resolved": "https://registry.npmjs.org/@google-cloud/speech/-/speech-4.1.1.tgz",
      "integrity": "sha512-n1VwdiaZuF07IJSg+tXA5JKx04IME2IkW0uSnbbH8axhaskugIiqo8HDh/r3dgBP1t6PmXMo3dcpfO+DL8FhGA==",
      "requires": {
        "@google-cloud/common": "^3.0.0",
        "@types/pumpify": "^1.4.1",
        "google-gax": "^2.1.0",
        "protobufjs": "^6.8.6",
        "pumpify": "^2.0.0",
        "stream-events": "^1.0.4"
      }
    },
    "@google-cloud/text-to-speech": {
      "version": "3.1.0",
      "resolved": "https://registry.npmjs.org/@google-cloud/text-to-speech/-/text-to-speech-3.1.0.tgz",
      "integrity": "sha512-xhAFS1Ujs3K9Sa6NYhUFsbP+9HIUEdPg981+ySYMsWm0dHsULSpt9jYn7va0OMe19nJiCWaebTlHHOteyqPjvA==",
      "requires": {
        "google-gax": "^2.1.0"
      }
    },
    "@grpc/grpc-js": {
      "version": "1.1.3",
      "resolved": "https://registry.npmjs.org/@grpc/grpc-js/-/grpc-js-1.1.3.tgz",
      "integrity": "sha512-HtOsk2YUofBcm1GkPqGzb6pwHhv+74eC2CUO229USIDKRtg30ycbZmqC+HdNtY3nHqoc9IgcRlntFgopyQoYCA==",
      "requires": {
        "semver": "^6.2.0"
      }
    },
    "@grpc/proto-loader": {
      "version": "0.5.5",
      "resolved": "https://registry.npmjs.org/@grpc/proto-loader/-/proto-loader-0.5.5.tgz",
      "integrity": "sha512-WwN9jVNdHRQoOBo9FDH7qU+mgfjPc8GygPYms3M+y3fbQLfnCe/Kv/E01t7JRgnrsOHH8euvSbed3mIalXhwqQ==",
      "requires": {
        "lodash.camelcase": "^4.3.0",
        "protobufjs": "^6.8.6"
      }
    },
    "@protobufjs/aspromise": {
      "version": "1.1.2",
      "resolved": "https://registry.npmjs.org/@protobufjs/aspromise/-/aspromise-1.1.2.tgz",
      "integrity": "sha1-m4sMxmPWaafY9vXQiToU00jzD78="
    },
    "@protobufjs/base64": {
      "version": "1.1.2",
      "resolved": "https://registry.npmjs.org/@protobufjs/base64/-/base64-1.1.2.tgz",
      "integrity": "sha512-AZkcAA5vnN/v4PDqKyMR5lx7hZttPDgClv83E//FMNhR2TMcLUhfRUBHCmSl0oi9zMgDDqRUJkSxO3wm85+XLg=="
    },
    "@protobufjs/codegen": {
      "version": "2.0.4",
      "resolved": "https://registry.npmjs.org/@protobufjs/codegen/-/codegen-2.0.4.tgz",
      "integrity": "sha512-YyFaikqM5sH0ziFZCN3xDC7zeGaB/d0IUb9CATugHWbd1FRFwWwt4ld4OYMPWu5a3Xe01mGAULCdqhMlPl29Jg=="
    },
    "@protobufjs/eventemitter": {
      "version": "1.1.0",
      "resolved": "https://registry.npmjs.org/@protobufjs/eventemitter/-/eventemitter-1.1.0.tgz",
      "integrity": "sha1-NVy8mLr61ZePntCV85diHx0Ga3A="
    },
    "@protobufjs/fetch": {
      "version": "1.1.0",
      "resolved": "https://registry.npmjs.org/@protobufjs/fetch/-/fetch-1.1.0.tgz",
      "integrity": "sha1-upn7WYYUr2VwDBYZ/wbUVLDYTEU=",
      "requires": {
        "@protobufjs/aspromise": "^1.1.1",
        "@protobufjs/inquire": "^1.1.0"
      }
    },
    "@protobufjs/float": {
      "version": "1.0.2",
      "resolved": "https://registry.npmjs.org/@protobufjs/float/-/float-1.0.2.tgz",
      "integrity": "sha1-Xp4avctz/Ap8uLKR33jIy9l7h9E="
    },
    "@protobufjs/inquire": {
      "version": "1.1.0",
      "resolved": "https://registry.npmjs.org/@protobufjs/inquire/-/inquire-1.1.0.tgz",
      "integrity": "sha1-/yAOPnzyQp4tyvwRQIKOjMY48Ik="
    },
    "@protobufjs/path": {
      "version": "1.1.2",
      "resolved": "https://registry.npmjs.org/@protobufjs/path/-/path-1.1.2.tgz",
      "integrity": "sha1-bMKyDFya1q0NzP0hynZz2Nf79o0="
    },
    "@protobufjs/pool": {
      "version": "1.1.0",
      "resolved": "https://registry.npmjs.org/@protobufjs/pool/-/pool-1.1.0.tgz",
      "integrity": "sha1-Cf0V8tbTq/qbZbw2ZQbWrXhG/1Q="
    },
    "@protobufjs/utf8": {
      "version": "1.1.0",
      "resolved": "https://registry.npmjs.org/@protobufjs/utf8/-/utf8-1.1.0.tgz",
      "integrity": "sha1-p3c2C1s5oaLlEG+OhY8v0tBgxXA="
    },
    "@tootallnate/once": {
      "version": "1.1.2",
      "resolved": "https://registry.npmjs.org/@tootallnate/once/-/once-1.1.2.tgz",
      "integrity": "sha512-RbzJvlNzmRq5c3O09UipeuXno4tA1FE6ikOjxZK0tuxVv3412l64l5t1W5pj4+rJq9vpkm/kwiR07aZXnsKPxw=="
    },
    "@types/duplexify": {
      "version": "3.6.0",
      "resolved": "https://registry.npmjs.org/@types/duplexify/-/duplexify-3.6.0.tgz",
      "integrity": "sha512-5zOA53RUlzN74bvrSGwjudssD9F3a797sDZQkiYpUOxW+WHaXTCPz4/d5Dgi6FKnOqZ2CpaTo0DhgIfsXAOE/A==",
      "requires": {
        "@types/node": "*"
      }
    },
    "@types/long": {
      "version": "4.0.1",
      "resolved": "https://registry.npmjs.org/@types/long/-/long-4.0.1.tgz",
      "integrity": "sha512-5tXH6Bx/kNGd3MgffdmP4dy2Z+G4eaXw0SE81Tq3BNadtnMR5/ySMzX4SLEzHJzSmPNn4HIdpQsBvXMUykr58w=="
    },
    "@types/node": {
      "version": "14.0.27",
      "resolved": "https://registry.npmjs.org/@types/node/-/node-14.0.27.tgz",
      "integrity": "sha512-kVrqXhbclHNHGu9ztnAwSncIgJv/FaxmzXJvGXNdcCpV1b8u1/Mi6z6m0vwy0LzKeXFTPLH0NzwmoJ3fNCIq0g=="
    },
    "@types/pumpify": {
      "version": "1.4.1",
      "resolved": "https://registry.npmjs.org/@types/pumpify/-/pumpify-1.4.1.tgz",
      "integrity": "sha512-l7u/Dnh1OG9T7VH6TvulR0g8oE8hgIW5409mSUKi8Vxw2+JV18aTa06Sv5bvNjrD0zbsB/cuZ/iTFQgFNfzIuw==",
      "requires": {
        "@types/duplexify": "*",
        "@types/node": "*"
      }
    },
    "abort-controller": {
      "version": "3.0.0",
      "resolved": "https://registry.npmjs.org/abort-controller/-/abort-controller-3.0.0.tgz",
      "integrity": "sha512-h8lQ8tacZYnR3vNQTgibj+tODHI5/+l06Au2Pcriv/Gmet0eaj4TwWH41sO9wnHDiQsEj19q0drzdWdeAHtweg==",
      "requires": {
        "event-target-shim": "^5.0.0"
      }
    },
    "agent-base": {
      "version": "6.0.1",
      "resolved": "https://registry.npmjs.org/agent-base/-/agent-base-6.0.1.tgz",
      "integrity": "sha512-01q25QQDwLSsyfhrKbn8yuur+JNw0H+0Y4JiGIKd3z9aYk/w/2kxD/Upc+t2ZBBSUNff50VjPsSW2YxM8QYKVg==",
      "requires": {
        "debug": "4"
      }
    },
    "animate.css": {
      "version": "4.1.0",
      "resolved": "https://registry.npmjs.org/animate.css/-/animate.css-4.1.0.tgz",
      "integrity": "sha512-0aVcfWDeU9ykV6vjn1P67ZSs01jxoUQZCGaYbkk0SIIelIG8kUdLrIkua1+VabHfTtsSivDRMMn0ILPvZum2gw=="
    },
    "arrify": {
      "version": "2.0.1",
      "resolved": "https://registry.npmjs.org/arrify/-/arrify-2.0.1.tgz",
      "integrity": "sha512-3duEwti880xqi4eAMN8AyR4a0ByT90zoYdLlevfrvU43vb0YZwZVfxOgxWrLXXXpyugL0hNZc9G6BiB5B3nUug=="
    },
    "asynckit": {
      "version": "0.4.0",
      "resolved": "https://registry.npmjs.org/asynckit/-/asynckit-0.4.0.tgz",
      "integrity": "sha1-x57Zf380y48robyXkLzDZkdLS3k="
    },
    "base64-js": {
      "version": "1.3.1",
      "resolved": "https://registry.npmjs.org/base64-js/-/base64-js-1.3.1.tgz",
      "integrity": "sha512-mLQ4i2QO1ytvGWFWmcngKO//JXAQueZvwEKtjgQFM4jIK0kU+ytMfplL8j+n5mspOfjHwoAg+9yhb7BwAHm36g=="
    },
    "batch": {
      "version": "0.3.2",
      "resolved": "https://registry.npmjs.org/batch/-/batch-0.3.2.tgz",
      "integrity": "sha1-j4AsE1i+KzNTX4gI4KI8nwB1czs="
    },
    "bignumber.js": {
      "version": "9.0.0",
      "resolved": "https://registry.npmjs.org/bignumber.js/-/bignumber.js-9.0.0.tgz",
      "integrity": "sha512-t/OYhhJ2SD+YGBQcjY8GzzDHEk9f3nerxjtfa6tlMXfe7frs/WozhvCNoGvpM0P3bNf3Gq5ZRMlGr5f3r4/N8A=="
    },
    "buffer-equal-constant-time": {
      "version": "1.0.1",
      "resolved": "https://registry.npmjs.org/buffer-equal-constant-time/-/buffer-equal-constant-time-1.0.1.tgz",
      "integrity": "sha1-+OcRMvf/5uAaXJaXpMbz5I1cyBk="
    },
    "combined-stream": {
      "version": "1.0.8",
      "resolved": "https://registry.npmjs.org/combined-stream/-/combined-stream-1.0.8.tgz",
      "integrity": "sha512-FQN4MRfuJeHf7cBbBMJFXhKSDq+2kAArBlmRBvcvFE5BB1HZKXtSFASDhdlz9zOYwxh8lDdnvmMOe/+5cdoEdg==",
      "requires": {
        "delayed-stream": "~1.0.0"
      }
    },
    "component-emitter": {
      "version": "1.3.0",
      "resolved": "https://registry.npmjs.org/component-emitter/-/component-emitter-1.3.0.tgz",
      "integrity": "sha512-Rd3se6QB+sO1TwqZjscQrurpEPIfO0/yYnSin6Q/rD3mOutHvUrCAhJub3r90uNb+SESBuE0QYoB90YdfatsRg=="
    },
    "cookiejar": {
      "version": "2.1.2",
      "resolved": "https://registry.npmjs.org/cookiejar/-/cookiejar-2.1.2.tgz",
      "integrity": "sha512-Mw+adcfzPxcPeI+0WlvRrr/3lGVO0bD75SxX6811cxSh1Wbxx7xZBGK1eVtDf6si8rg2lhnUjsVLMFMfbRIuwA=="
    },
    "core-util-is": {
      "version": "1.0.2",
      "resolved": "https://registry.npmjs.org/core-util-is/-/core-util-is-1.0.2.tgz",
      "integrity": "sha1-tf1UIgqivFq1eqtxQMlAdUUDwac="
    },
    "cross-spawn": {
      "version": "7.0.3",
      "resolved": "https://registry.npmjs.org/cross-spawn/-/cross-spawn-7.0.3.tgz",
      "integrity": "sha512-iRDPJKUPVEND7dHPO8rkbOnPpyDygcDFtWjpeWNCgy8WP2rXcxXL8TskReQl6OrB2G7+UJrags1q15Fudc7G6w==",
      "requires": {
        "path-key": "^3.1.0",
        "shebang-command": "^2.0.0",
        "which": "^2.0.1"
      }
    },
    "debug": {
      "version": "4.1.1",
      "resolved": "https://registry.npmjs.org/debug/-/debug-4.1.1.tgz",
      "integrity": "sha512-pYAIzeRo8J6KPEaJ0VWOh5Pzkbw/RetuzehGM7QRRX5he4fPHx2rdKMB256ehJCkX+XRQm16eZLqLNS8RSZXZw==",
      "requires": {
        "ms": "^2.1.1"
      }
    },
    "delayed-stream": {
      "version": "1.0.0",
      "resolved": "https://registry.npmjs.org/delayed-stream/-/delayed-stream-1.0.0.tgz",
      "integrity": "sha1-3zrhmayt+31ECqrgsp4icrJOxhk="
    },
    "duplexify": {
      "version": "4.1.1",
      "resolved": "https://registry.npmjs.org/duplexify/-/duplexify-4.1.1.tgz",
      "integrity": "sha512-DY3xVEmVHTv1wSzKNbwoU6nVjzI369Y6sPoqfYr0/xlx3IdX2n94xIszTcjPO8W8ZIv0Wb0PXNcjuZyT4wiICA==",
      "requires": {
        "end-of-stream": "^1.4.1",
        "inherits": "^2.0.3",
        "readable-stream": "^3.1.1",
        "stream-shift": "^1.0.0"
      }
    },
    "ecdsa-sig-formatter": {
      "version": "1.0.11",
      "resolved": "https://registry.npmjs.org/ecdsa-sig-formatter/-/ecdsa-sig-formatter-1.0.11.tgz",
      "integrity": "sha512-nagl3RYrbNv6kQkeJIpt6NJZy8twLB/2vtz6yN9Z4vRKHN4/QZJIEbqohALSgwKdnksuY3k5Addp5lg8sVoVcQ==",
      "requires": {
        "safe-buffer": "^5.0.1"
      }
    },
    "end-of-stream": {
      "version": "1.4.4",
      "resolved": "https://registry.npmjs.org/end-of-stream/-/end-of-stream-1.4.4.tgz",
      "integrity": "sha512-+uw1inIHVPQoaVuHzRyXd21icM+cnt4CzD5rW+NC1wjOUSTOs+Te7FOv7AhN7vS9x/oIyhLP5PR1H+phQAHu5Q==",
      "requires": {
        "once": "^1.4.0"
      }
    },
    "ent": {
      "version": "2.2.0",
      "resolved": "https://registry.npmjs.org/ent/-/ent-2.2.0.tgz",
      "integrity": "sha1-6WQhkyWiHQX0RGai9obtbOX13R0="
    },
    "event-target-shim": {
      "version": "5.0.1",
      "resolved": "https://registry.npmjs.org/event-target-shim/-/event-target-shim-5.0.1.tgz",
      "integrity": "sha512-i/2XbnSz/uxRCU6+NdVJgKWDTM427+MqYbkQzD321DuCQJUqOuJKIA0IM2+W2xtYHdKOmZ4dR6fExsd4SXL+WQ=="
    },
    "execa": {
      "version": "4.0.3",
      "resolved": "https://registry.npmjs.org/execa/-/execa-4.0.3.tgz",
      "integrity": "sha512-WFDXGHckXPWZX19t1kCsXzOpqX9LWYNqn4C+HqZlk/V0imTkzJZqf87ZBhvpHaftERYknpk0fjSylnXVlVgI0A==",
      "requires": {
        "cross-spawn": "^7.0.0",
        "get-stream": "^5.0.0",
        "human-signals": "^1.1.1",
        "is-stream": "^2.0.0",
        "merge-stream": "^2.0.0",
        "npm-run-path": "^4.0.0",
        "onetime": "^5.1.0",
        "signal-exit": "^3.0.2",
        "strip-final-newline": "^2.0.0"
      }
    },
    "extend": {
      "version": "3.0.2",
      "resolved": "https://registry.npmjs.org/extend/-/extend-3.0.2.tgz",
      "integrity": "sha512-fjquC59cD7CyW6urNXK0FBufkZcoiGG80wTuPujX590cB5Ttln20E2UB4S/WARVqhXffZl2LNgS+gQdPIIim/g=="
    },
    "fast-text-encoding": {
      "version": "1.0.3",
      "resolved": "https://registry.npmjs.org/fast-text-encoding/-/fast-text-encoding-1.0.3.tgz",
      "integrity": "sha512-dtm4QZH9nZtcDt8qJiOH9fcQd1NAgi+K1O2DbE6GG1PPCK/BWfOH3idCTRQ4ImXRUOyopDEgDEnVEE7Y/2Wrig=="
    },
    "find-exec": {
      "version": "1.0.1",
      "resolved": "https://registry.npmjs.org/find-exec/-/find-exec-1.0.1.tgz",
      "integrity": "sha512-4o6QkGkpg3xK5s/47rdK9LDZRsE4JR1mrXnaAOXBngG6UKeIDJXfwtNCAkljgyy6VRh75D3FFaB0tii9vDEtIA=="
    },
    "form-data": {
      "version": "2.5.1",
      "resolved": "https://registry.npmjs.org/form-data/-/form-data-2.5.1.tgz",
      "integrity": "sha512-m21N3WOmEEURgk6B9GLOE4RuWOFf28Lhh9qGYeNlGq4VDXUlJy2th2slBNU8Gp8EzloYZOibZJ7t5ecIrFSjVA==",
      "requires": {
        "asynckit": "^0.4.0",
        "combined-stream": "^1.0.6",
        "mime-types": "^2.1.12"
      }
    },
    "formidable": {
      "version": "1.2.2",
      "resolved": "https://registry.npmjs.org/formidable/-/formidable-1.2.2.tgz",
      "integrity": "sha512-V8gLm+41I/8kguQ4/o1D3RIHRmhYFG4pnNyonvua+40rqcEmT4+V71yaZ3B457xbbgCsCfjSPi65u/W6vK1U5Q=="
    },
    "gaxios": {
      "version": "3.0.4",
      "resolved": "https://registry.npmjs.org/gaxios/-/gaxios-3.0.4.tgz",
      "integrity": "sha512-97NmFuMETFQh6gqPUxkqjxRMjmY8aRKRMphIkgO/b90AbCt5wAVuXsp8oWjIXlLN2pIK/fsXD8edcM7ULkFMLg==",
      "requires": {
        "abort-controller": "^3.0.0",
        "extend": "^3.0.2",
        "https-proxy-agent": "^5.0.0",
        "is-stream": "^2.0.0",
        "node-fetch": "^2.3.0"
      }
    },
    "gcp-metadata": {
      "version": "4.1.4",
      "resolved": "https://registry.npmjs.org/gcp-metadata/-/gcp-metadata-4.1.4.tgz",
      "integrity": "sha512-5J/GIH0yWt/56R3dNaNWPGQ/zXsZOddYECfJaqxFWgrZ9HC2Kvc5vl9upOgUUHKzURjAVf2N+f6tEJiojqXUuA==",
      "requires": {
        "gaxios": "^3.0.0",
        "json-bigint": "^1.0.0"
      }
    },
    "get-stream": {
      "version": "5.1.0",
      "resolved": "https://registry.npmjs.org/get-stream/-/get-stream-5.1.0.tgz",
      "integrity": "sha512-EXr1FOzrzTfGeL0gQdeFEvOMm2mzMOglyiOXSTpPC+iAjAKftbr3jpCMWynogwYnM+eSj9sHGc6wjIcDvYiygw==",
      "requires": {
        "pump": "^3.0.0"
      }
    },
    "google-auth-library": {
      "version": "6.0.6",
      "resolved": "https://registry.npmjs.org/google-auth-library/-/google-auth-library-6.0.6.tgz",
      "integrity": "sha512-fWYdRdg55HSJoRq9k568jJA1lrhg9i2xgfhVIMJbskUmbDpJGHsbv9l41DGhCDXM21F9Kn4kUwdysgxSYBYJUw==",
      "requires": {
        "arrify": "^2.0.0",
        "base64-js": "^1.3.0",
        "ecdsa-sig-formatter": "^1.0.11",
        "fast-text-encoding": "^1.0.0",
        "gaxios": "^3.0.0",
        "gcp-metadata": "^4.1.0",
        "gtoken": "^5.0.0",
        "jws": "^4.0.0",
        "lru-cache": "^6.0.0"
      }
    },
    "google-gax": {
      "version": "2.7.0",
      "resolved": "https://registry.npmjs.org/google-gax/-/google-gax-2.7.0.tgz",
      "integrity": "sha512-0dBATy8mMVlfOBrT85Q+NzBpZ4OJZUMrPI9wJULpiIDq2w1zlN30Duor+fQUcMEjanYEc72G58M4iUVve0jfXw==",
      "requires": {
        "@grpc/grpc-js": "~1.1.1",
        "@grpc/proto-loader": "^0.5.1",
        "@types/long": "^4.0.0",
        "abort-controller": "^3.0.0",
        "duplexify": "^3.6.0",
        "google-auth-library": "^6.0.0",
        "is-stream-ended": "^0.1.4",
        "lodash.at": "^4.6.0",
        "lodash.has": "^4.5.2",
        "node-fetch": "^2.6.0",
        "protobufjs": "^6.9.0",
        "retry-request": "^4.0.0",
        "semver": "^6.0.0",
        "walkdir": "^0.4.0"
      },
      "dependencies": {
        "duplexify": {
          "version": "3.7.1",
          "resolved": "https://registry.npmjs.org/duplexify/-/duplexify-3.7.1.tgz",
          "integrity": "sha512-07z8uv2wMyS51kKhD1KsdXJg5WQ6t93RneqRxUHnskXVtlYYkLqM0gqStQZ3pj073g687jPCHrqNfCzawLYh5g==",
          "requires": {
            "end-of-stream": "^1.0.0",
            "inherits": "^2.0.1",
            "readable-stream": "^2.0.0",
            "stream-shift": "^1.0.0"
          }
        },
        "readable-stream": {
          "version": "2.3.7",
          "resolved": "https://registry.npmjs.org/readable-stream/-/readable-stream-2.3.7.tgz",
          "integrity": "sha512-Ebho8K4jIbHAxnuxi7o42OrZgF/ZTNcsZj6nRKyUmkhLFq8CHItp/fy6hQZuZmP/n3yZ9VBUbp4zz/mX8hmYPw==",
          "requires": {
            "core-util-is": "~1.0.0",
            "inherits": "~2.0.3",
            "isarray": "~1.0.0",
            "process-nextick-args": "~2.0.0",
            "safe-buffer": "~5.1.1",
            "string_decoder": "~1.1.1",
            "util-deprecate": "~1.0.1"
          }
        },
        "safe-buffer": {
          "version": "5.1.2",
          "resolved": "https://registry.npmjs.org/safe-buffer/-/safe-buffer-5.1.2.tgz",
          "integrity": "sha512-Gd2UZBJDkXlY7GbJxfsE8/nvKkUEU1G38c1siN6QP6a9PT9MmHB8GnpscSmMJSoF8LOIrt8ud/wPtojys4G6+g=="
        },
        "string_decoder": {
          "version": "1.1.1",
          "resolved": "https://registry.npmjs.org/string_decoder/-/string_decoder-1.1.1.tgz",
          "integrity": "sha512-n/ShnvDi6FHbbVfviro+WojiFzv+s8MPMHBczVePfUpDJLwoLT0ht1l4YwBCbi8pJAveEEdnkHyPyTP/mzRfwg==",
          "requires": {
            "safe-buffer": "~5.1.0"
          }
        }
      }
    },
    "google-p12-pem": {
      "version": "3.0.2",
      "resolved": "https://registry.npmjs.org/google-p12-pem/-/google-p12-pem-3.0.2.tgz",
      "integrity": "sha512-tbjzndQvSIHGBLzHnhDs3cL4RBjLbLXc2pYvGH+imGVu5b4RMAttUTdnmW2UH0t11QeBTXZ7wlXPS7hrypO/tg==",
      "requires": {
        "node-forge": "^0.9.0"
      }
    },
    "gtoken": {
      "version": "5.0.3",
      "resolved": "https://registry.npmjs.org/gtoken/-/gtoken-5.0.3.tgz",
      "integrity": "sha512-Nyd1wZCMRc2dj/mAD0LlfQLcAO06uKdpKJXvK85SGrF5+5+Bpfil9u/2aw35ltvEHjvl0h5FMKN5knEU+9JrOg==",
      "requires": {
        "gaxios": "^3.0.0",
        "google-p12-pem": "^3.0.0",
        "jws": "^4.0.0",
        "mime": "^2.2.0"
      }
    },
    "http-proxy-agent": {
      "version": "4.0.1",
      "resolved": "https://registry.npmjs.org/http-proxy-agent/-/http-proxy-agent-4.0.1.tgz",
      "integrity": "sha512-k0zdNgqWTGA6aeIRVpvfVob4fL52dTfaehylg0Y4UvSySvOq/Y+BOyPrgpUrA7HylqvU8vIZGsRuXmspskV0Tg==",
      "requires": {
        "@tootallnate/once": "1",
        "agent-base": "6",
        "debug": "4"
      }
    },
    "https-proxy-agent": {
      "version": "5.0.0",
      "resolved": "https://registry.npmjs.org/https-proxy-agent/-/https-proxy-agent-5.0.0.tgz",
      "integrity": "sha512-EkYm5BcKUGiduxzSt3Eppko+PiNWNEpa4ySk9vTC6wDsQJW9rHSa+UhGNJoRYp7bz6Ht1eaRIa6QaJqO5rCFbA==",
      "requires": {
        "agent-base": "6",
        "debug": "4"
      }
    },
    "human-signals": {
      "version": "1.1.1",
      "resolved": "https://registry.npmjs.org/human-signals/-/human-signals-1.1.1.tgz",
      "integrity": "sha512-SEQu7vl8KjNL2eoGBLF3+wAjpsNfA9XMlXAYj/3EdaNfAlxKthD1xjEQfGOUhllCGGJVNY34bRr6lPINhNjyZw=="
    },
    "inherits": {
      "version": "2.0.4",
      "resolved": "https://registry.npmjs.org/inherits/-/inherits-2.0.4.tgz",
      "integrity": "sha512-k/vGaX4/Yla3WzyMCvTQOXYeIHvqOKtnqBduzTHpzpQZzAskKMhZ2K+EnBiSM9zGSoIFeMpXKxa4dYeZIQqewQ=="
    },
    "is-stream": {
      "version": "2.0.0",
      "resolved": "https://registry.npmjs.org/is-stream/-/is-stream-2.0.0.tgz",
      "integrity": "sha512-XCoy+WlUr7d1+Z8GgSuXmpuUFC9fOhRXglJMx+dwLKTkL44Cjd4W1Z5P+BQZpr+cR93aGP4S/s7Ftw6Nd/kiEw=="
    },
    "is-stream-ended": {
      "version": "0.1.4",
      "resolved": "https://registry.npmjs.org/is-stream-ended/-/is-stream-ended-0.1.4.tgz",
      "integrity": "sha512-xj0XPvmr7bQFTvirqnFr50o0hQIh6ZItDqloxt5aJrR4NQsYeSsyFQERYGCAzfindAcnKjINnwEEgLx4IqVzQw=="
    },
    "isarray": {
      "version": "1.0.0",
      "resolved": "https://registry.npmjs.org/isarray/-/isarray-1.0.0.tgz",
      "integrity": "sha1-u5NdSFgsuhaMBoNJV6VKPgcSTxE="
    },
    "isexe": {
      "version": "2.0.0",
      "resolved": "https://registry.npmjs.org/isexe/-/isexe-2.0.0.tgz",
      "integrity": "sha1-6PvzdNxVb/iUehDcsFctYz8s+hA="
    },
    "json-bigint": {
      "version": "1.0.0",
      "resolved": "https://registry.npmjs.org/json-bigint/-/json-bigint-1.0.0.tgz",
      "integrity": "sha512-SiPv/8VpZuWbvLSMtTDU8hEfrZWg/mH/nV/b4o0CYbSxu1UIQPLdwKOCIyLQX+VIPO5vrLX3i8qtqFyhdPSUSQ==",
      "requires": {
        "bignumber.js": "^9.0.0"
      }
    },
    "jwa": {
      "version": "2.0.0",
      "resolved": "https://registry.npmjs.org/jwa/-/jwa-2.0.0.tgz",
      "integrity": "sha512-jrZ2Qx916EA+fq9cEAeCROWPTfCwi1IVHqT2tapuqLEVVDKFDENFw1oL+MwrTvH6msKxsd1YTDVw6uKEcsrLEA==",
      "requires": {
        "buffer-equal-constant-time": "1.0.1",
        "ecdsa-sig-formatter": "1.0.11",
        "safe-buffer": "^5.0.1"
      }
    },
    "jws": {
      "version": "4.0.0",
      "resolved": "https://registry.npmjs.org/jws/-/jws-4.0.0.tgz",
      "integrity": "sha512-KDncfTmOZoOMTFG4mBlG0qUIOlc03fmzH+ru6RgYVZhPkyiy/92Owlt/8UEN+a4TXR1FQetfIpJE8ApdvdVxTg==",
      "requires": {
        "jwa": "^2.0.0",
        "safe-buffer": "^5.0.1"
      }
    },
    "lodash.at": {
      "version": "4.6.0",
      "resolved": "https://registry.npmjs.org/lodash.at/-/lodash.at-4.6.0.tgz",
      "integrity": "sha1-k83OZk8KGZTqM9181A4jr9EbD/g="
    },
    "lodash.camelcase": {
      "version": "4.3.0",
      "resolved": "https://registry.npmjs.org/lodash.camelcase/-/lodash.camelcase-4.3.0.tgz",
      "integrity": "sha1-soqmKIorn8ZRA1x3EfZathkDMaY="
    },
    "lodash.has": {
      "version": "4.5.2",
      "resolved": "https://registry.npmjs.org/lodash.has/-/lodash.has-4.5.2.tgz",
      "integrity": "sha1-0Z9NwQlQWMzL4rDN9O4P5Ko3yGI="
    },
    "long": {
      "version": "4.0.0",
      "resolved": "https://registry.npmjs.org/long/-/long-4.0.0.tgz",
      "integrity": "sha512-XsP+KhQif4bjX1kbuSiySJFNAehNxgLb6hPRGJ9QsUr8ajHkuXGdrHmFUTUUXhDwVX2R5bY4JNZEwbUiMhV+MA=="
    },
    "lru-cache": {
      "version": "6.0.0",
      "resolved": "https://registry.npmjs.org/lru-cache/-/lru-cache-6.0.0.tgz",
      "integrity": "sha512-Jo6dJ04CmSjuznwJSS3pUeWmd/H0ffTlkXXgwZi+eq1UCmqQwCh+eLsYOYCwY991i2Fah4h1BEMCx4qThGbsiA==",
      "requires": {
        "yallist": "^4.0.0"
      }
    },
    "merge-stream": {
      "version": "2.0.0",
      "resolved": "https://registry.npmjs.org/merge-stream/-/merge-stream-2.0.0.tgz",
      "integrity": "sha512-abv/qOcuPfk3URPfDzmZU1LKmuw8kT+0nIHvKrKgFrwifol/doWcdA4ZqsWQ8ENrFKkd67Mfpo/LovbIUsbt3w=="
    },
    "methods": {
      "version": "1.1.2",
      "resolved": "https://registry.npmjs.org/methods/-/methods-1.1.2.tgz",
      "integrity": "sha1-VSmk1nZUE07cxSZmVoNbD4Ua/O4="
    },
    "mime": {
      "version": "2.4.6",
      "resolved": "https://registry.npmjs.org/mime/-/mime-2.4.6.tgz",
      "integrity": "sha512-RZKhC3EmpBchfTGBVb8fb+RL2cWyw/32lshnsETttkBAyAUXSGHxbEJWWRXc751DrIxG1q04b8QwMbAwkRPpUA=="
    },
    "mime-db": {
      "version": "1.44.0",
      "resolved": "https://registry.npmjs.org/mime-db/-/mime-db-1.44.0.tgz",
      "integrity": "sha512-/NOTfLrsPBVeH7YtFPgsVWveuL+4SjjYxaQ1xtM1KMFj7HdxlBlxeyNLzhyJVx7r4rZGJAZ/6lkKCitSc/Nmpg=="
    },
    "mime-types": {
      "version": "2.1.27",
      "resolved": "https://registry.npmjs.org/mime-types/-/mime-types-2.1.27.tgz",
      "integrity": "sha512-JIhqnCasI9yD+SsmkquHBxTSEuZdQX5BuQnS2Vc7puQQQ+8yiP5AY5uWhpdv4YL4VM5c6iliiYWPgJ/nJQLp7w==",
      "requires": {
        "mime-db": "1.44.0"
      }
    },
    "mimic-fn": {
      "version": "2.1.0",
      "resolved": "https://registry.npmjs.org/mimic-fn/-/mimic-fn-2.1.0.tgz",
      "integrity": "sha512-OqbOk5oEQeAZ8WXWydlu9HJjz9WVdEIvamMCcXmuqUYjTknH/sqsWvhQ3vgwKFRR1HpjvNBKQ37nbJgYzGqGcg=="
    },
    "ms": {
      "version": "2.1.2",
      "resolved": "https://registry.npmjs.org/ms/-/ms-2.1.2.tgz",
      "integrity": "sha512-sGkPx+VjMtmA6MX27oA4FBFELFCZZ4S4XqeGOXCv68tT+jb3vk/RyaKWP0PTKyWtmLSM0b+adUTEvbs1PEaH2w=="
    },
    "node-audiorecorder": {
      "version": "2.2.0",
      "resolved": "https://registry.npmjs.org/node-audiorecorder/-/node-audiorecorder-2.2.0.tgz",
      "integrity": "sha512-JyBqAZ2b/N+yJFuR/bY0WqVw7wTi4AoarOll16oKqAw5Ma8ooV0+NZn3M9dHbeSkPxBU4H/wy5ZMLLkgDSNq4g=="
    },
    "node-fetch": {
      "version": "2.6.0",
      "resolved": "https://registry.npmjs.org/node-fetch/-/node-fetch-2.6.0.tgz",
      "integrity": "sha512-8dG4H5ujfvFiqDmVu9fQ5bOHUC15JMjMY/Zumv26oOvvVJjM67KF8koCWIabKQ1GJIa9r2mMZscBq/TbdOcmNA=="
    },
    "node-forge": {
      "version": "0.9.1",
      "resolved": "https://registry.npmjs.org/node-forge/-/node-forge-0.9.1.tgz",
      "integrity": "sha512-G6RlQt5Sb4GMBzXvhfkeFmbqR6MzhtnT7VTHuLadjkii3rdYHNdw0m8zA4BTxVIh68FicCQ2NSUANpsqkr9jvQ=="
    },
    "node-lyrics-api": {
      "version": "1.0.1",
      "resolved": "https://registry.npmjs.org/node-lyrics-api/-/node-lyrics-api-1.0.1.tgz",
      "integrity": "sha512-TGQIxFU3yXar3nTbBaSeT+n6ZNKZ4bMUuXQDpYC8rWErE4lcd7bix5NKpkEbvZazQixTtj8OdF9BMWp47F61Cg=="
    },
    "node-mic-record": {
      "version": "0.0.1",
      "resolved": "https://registry.npmjs.org/node-mic-record/-/node-mic-record-0.0.1.tgz",
      "integrity": "sha512-ynozerNFxAbMZdR8S6AY13K+rWDwllUe/BsLI2CjQtm2Qy9xXKbSdmrOsuWXeiWnO8rBMZUlJyx86TdkA/43vQ=="
    },
    "npm-run-path": {
      "version": "4.0.1",
      "resolved": "https://registry.npmjs.org/npm-run-path/-/npm-run-path-4.0.1.tgz",
      "integrity": "sha512-S48WzZW777zhNIrn7gxOlISNAqi9ZC/uQFnRdbeIHhZhCA6UqpkOT8T1G7BvfdgP4Er8gF4sUbaS0i7QvIfCWw==",
      "requires": {
        "path-key": "^3.0.0"
      }
    },
    "once": {
      "version": "1.4.0",
      "resolved": "https://registry.npmjs.org/once/-/once-1.4.0.tgz",
      "integrity": "sha1-WDsap3WWHUsROsF9nFC6753Xa9E=",
      "requires": {
        "wrappy": "1"
      }
    },
    "onetime": {
      "version": "5.1.0",
      "resolved": "https://registry.npmjs.org/onetime/-/onetime-5.1.0.tgz",
      "integrity": "sha512-5NcSkPHhwTVFIQN+TUqXoS5+dlElHXdpAWu9I0HP20YOtIi+aZ0Ct82jdlILDxjLEAWwvm+qj1m6aEtsDVmm6Q==",
      "requires": {
        "mimic-fn": "^2.1.0"
      }
    },
    "openweather-apis": {
      "version": "4.3.1",
      "resolved": "https://registry.npmjs.org/openweather-apis/-/openweather-apis-4.3.1.tgz",
      "integrity": "sha512-1QuLVtYMCcZm7w9UVlJIbVsvA5ecDVU/jiumlxCVsSeFXrGHc7ko60PFt+GabpPIfTgnzp/G7lULHB+iTEvXvQ=="
    },
    "path-key": {
      "version": "3.1.1",
      "resolved": "https://registry.npmjs.org/path-key/-/path-key-3.1.1.tgz",
      "integrity": "sha512-ojmeN0qd+y0jszEtoY48r0Peq5dwMEkIlCOu6Q5f41lfkswXuKtYrhgoTpLnyIcHm24Uhqx+5Tqm2InSwLhE6Q=="
    },
    "play-sound": {
      "version": "1.1.3",
      "resolved": "https://registry.npmjs.org/play-sound/-/play-sound-1.1.3.tgz",
      "integrity": "sha512-lqEzgtNAdfg2VUXItOtu5bTyWcqeFmnJmgvc8iHEeEOBEJdurqiGYfmCOzIpSBcwrs7XeSpvHv+Rw9dzRPc4aw==",
      "requires": {
        "find-exec": "1.0.1"
      }
    },
    "process-nextick-args": {
      "version": "2.0.1",
      "resolved": "https://registry.npmjs.org/process-nextick-args/-/process-nextick-args-2.0.1.tgz",
      "integrity": "sha512-3ouUOpQhtgrbOa17J7+uxOTpITYWaGP7/AhoR3+A+/1e9skrzelGi/dXzEYyvbxubEF6Wn2ypscTKiKJFFn1ag=="
    },
    "protobufjs": {
      "version": "6.10.1",
      "resolved": "https://registry.npmjs.org/protobufjs/-/protobufjs-6.10.1.tgz",
      "integrity": "sha512-pb8kTchL+1Ceg4lFd5XUpK8PdWacbvV5SK2ULH2ebrYtl4GjJmS24m6CKME67jzV53tbJxHlnNOSqQHbTsR9JQ==",
      "requires": {
        "@protobufjs/aspromise": "^1.1.2",
        "@protobufjs/base64": "^1.1.2",
        "@protobufjs/codegen": "^2.0.4",
        "@protobufjs/eventemitter": "^1.1.0",
        "@protobufjs/fetch": "^1.1.0",
        "@protobufjs/float": "^1.0.2",
        "@protobufjs/inquire": "^1.1.0",
        "@protobufjs/path": "^1.1.2",
        "@protobufjs/pool": "^1.1.0",
        "@protobufjs/utf8": "^1.1.0",
        "@types/long": "^4.0.1",
        "@types/node": "^13.7.0",
        "long": "^4.0.0"
      },
      "dependencies": {
        "@types/node": {
          "version": "13.13.15",
          "resolved": "https://registry.npmjs.org/@types/node/-/node-13.13.15.tgz",
          "integrity": "sha512-kwbcs0jySLxzLsa2nWUAGOd/s21WU1jebrEdtzhsj1D4Yps1EOuyI1Qcu+FD56dL7NRNIJtDDjcqIG22NwkgLw=="
        }
      }
    },
    "pump": {
      "version": "3.0.0",
      "resolved": "https://registry.npmjs.org/pump/-/pump-3.0.0.tgz",
      "integrity": "sha512-LwZy+p3SFs1Pytd/jYct4wpv49HiYCqd9Rlc5ZVdk0V+8Yzv6jR5Blk3TRmPL1ft69TxP0IMZGJ+WPFU2BFhww==",
      "requires": {
        "end-of-stream": "^1.1.0",
        "once": "^1.3.1"
      }
    },
    "pumpify": {
      "version": "2.0.1",
      "resolved": "https://registry.npmjs.org/pumpify/-/pumpify-2.0.1.tgz",
      "integrity": "sha512-m7KOje7jZxrmutanlkS1daj1dS6z6BgslzOXmcSEpIlCxM3VJH7lG5QLeck/6hgF6F4crFf01UtQmNsJfweTAw==",
      "requires": {
        "duplexify": "^4.1.1",
        "inherits": "^2.0.3",
        "pump": "^3.0.0"
      }
    },
    "qs": {
      "version": "6.9.4",
      "resolved": "https://registry.npmjs.org/qs/-/qs-6.9.4.tgz",
      "integrity": "sha512-A1kFqHekCTM7cz0udomYUoYNWjBebHm/5wzU/XqrBRBNWectVH0QIiN+NEcZ0Dte5hvzHwbr8+XQmguPhJ6WdQ=="
    },
    "readable-stream": {
      "version": "3.6.0",
      "resolved": "https://registry.npmjs.org/readable-stream/-/readable-stream-3.6.0.tgz",
      "integrity": "sha512-BViHy7LKeTz4oNnkcLJ+lVSL6vpiFeX6/d3oSH8zCW7UxP2onchk+vTGB143xuFjHS3deTgkKoXXymXqymiIdA==",
      "requires": {
        "inherits": "^2.0.3",
        "string_decoder": "^1.1.1",
        "util-deprecate": "^1.0.1"
      }
    },
    "retry-request": {
      "version": "4.1.1",
      "resolved": "https://registry.npmjs.org/retry-request/-/retry-request-4.1.1.tgz",
      "integrity": "sha512-BINDzVtLI2BDukjWmjAIRZ0oglnCAkpP2vQjM3jdLhmT62h0xnQgciPwBRDAvHqpkPT2Wo1XuUyLyn6nbGrZQQ==",
      "requires": {
        "debug": "^4.1.1",
        "through2": "^3.0.1"
      }
    },
    "rtcpeerconnection-shim": {
      "version": "1.2.15",
      "resolved": "https://registry.npmjs.org/rtcpeerconnection-shim/-/rtcpeerconnection-shim-1.2.15.tgz",
      "integrity": "sha512-C6DxhXt7bssQ1nHb154lqeL0SXz5Dx4RczXZu2Aa/L1NJFnEVDxFwCBo3fqtuljhHIGceg5JKBV4XJ0gW5JKyw==",
      "requires": {
        "sdp": "^2.6.0"
      }
    },
    "safe-buffer": {
      "version": "5.2.1",
      "resolved": "https://registry.npmjs.org/safe-buffer/-/safe-buffer-5.2.1.tgz",
      "integrity": "sha512-rp3So07KcdmmKbGvgaNxQSJr7bGVSVk5S9Eq1F+ppbRo70+YeaDxkw5Dd8NPN+GD6bjnYm2VuPuCXmpuYvmCXQ=="
    },
    "sdp": {
      "version": "2.12.0",
      "resolved": "https://registry.npmjs.org/sdp/-/sdp-2.12.0.tgz",
      "integrity": "sha512-jhXqQAQVM+8Xj5EjJGVweuEzgtGWb3tmEEpl3CLP3cStInSbVHSg0QWOGQzNq8pSID4JkpeV2mPqlMDLrm0/Vw=="
    },
    "semver": {
      "version": "6.3.0",
      "resolved": "https://registry.npmjs.org/semver/-/semver-6.3.0.tgz",
      "integrity": "sha512-b39TBaTSfV6yBrapU89p5fKekE2m/NwnDocOVruQFS1/veMgdzuPcnOM34M6CwxW8jH/lxEa5rBoDeUwu5HHTw=="
    },
    "shebang-command": {
      "version": "2.0.0",
      "resolved": "https://registry.npmjs.org/shebang-command/-/shebang-command-2.0.0.tgz",
      "integrity": "sha512-kHxr2zZpYtdmrN1qDjrrX/Z1rR1kG8Dx+gkpK1G4eXmvXswmcE1hTWBWYUzlraYw1/yZp6YuDY77YtvbN0dmDA==",
      "requires": {
        "shebang-regex": "^3.0.0"
      }
    },
    "shebang-regex": {
      "version": "3.0.0",
      "resolved": "https://registry.npmjs.org/shebang-regex/-/shebang-regex-3.0.0.tgz",
      "integrity": "sha512-7++dFhtcx3353uBaq8DDR4NuxBetBzC7ZQOhmTQInHEd6bSrXdiEyzCvG07Z44UYdLShWUyXt5M/yhz8ekcb1A=="
    },
    "signal-exit": {
      "version": "3.0.3",
      "resolved": "https://registry.npmjs.org/signal-exit/-/signal-exit-3.0.3.tgz",
      "integrity": "sha512-VUJ49FC8U1OxwZLxIbTTrDvLnf/6TDgxZcK8wxR8zs13xpx7xbG60ndBlhNrFi2EMuFRoeDoJO7wthSLq42EjA=="
    },
    "sox": {
      "version": "0.1.0",
      "resolved": "https://registry.npmjs.org/sox/-/sox-0.1.0.tgz",
      "integrity": "sha1-poTcxprvBXwkHUog5utgBKMkVWA=",
      "requires": {
        "batch": "~0.3.2"
      }
    },
    "spotify-web-api-node": {
      "version": "4.0.0",
      "resolved": "https://registry.npmjs.org/spotify-web-api-node/-/spotify-web-api-node-4.0.0.tgz",
      "integrity": "sha512-FQAX4qiP9xfjmJpkSfF5PEVr7RVorUZiLvcdVTlhVFLYAmQ8VSsZlyb0yTK0GExKhAcgJy9GfWxqjSB2r9SrjA==",
      "requires": {
        "superagent": "^3.7.0"
      }
    },
    "stream-events": {
      "version": "1.0.5",
      "resolved": "https://registry.npmjs.org/stream-events/-/stream-events-1.0.5.tgz",
      "integrity": "sha512-E1GUzBSgvct8Jsb3v2X15pjzN1tYebtbLaMg+eBOUOAxgbLoSbT2NS91ckc5lJD1KfLjId+jXJRgo0qnV5Nerg==",
      "requires": {
        "stubs": "^3.0.0"
      }
    },
    "stream-shift": {
      "version": "1.0.1",
      "resolved": "https://registry.npmjs.org/stream-shift/-/stream-shift-1.0.1.tgz",
      "integrity": "sha512-AiisoFqQ0vbGcZgQPY1cdP2I76glaVA/RauYR4G4thNFgkTqr90yXTo4LYX60Jl+sIlPNHHdGSwo01AvbKUSVQ=="
    },
    "string-similarity": {
      "version": "4.0.1",
      "resolved": "https://registry.npmjs.org/string-similarity/-/string-similarity-4.0.1.tgz",
      "integrity": "sha512-v36MJzloekKVvKAsYi6O/qpn2mIuvwEFIT9Gx3yg4spkNjXYsk7yxc37g4ZTyMVIBvt/9PZGxnqEtme8XHK+Mw=="
    },
    "string_decoder": {
      "version": "1.3.0",
      "resolved": "https://registry.npmjs.org/string_decoder/-/string_decoder-1.3.0.tgz",
      "integrity": "sha512-hkRX8U1WjJFd8LsDJ2yQ/wWWxaopEsABU1XfkM8A+j0+85JAGppt16cr1Whg6KIbb4okU6Mql6BOj+uup/wKeA==",
      "requires": {
        "safe-buffer": "~5.2.0"
      }
    },
    "strip-final-newline": {
      "version": "2.0.0",
      "resolved": "https://registry.npmjs.org/strip-final-newline/-/strip-final-newline-2.0.0.tgz",
      "integrity": "sha512-BrpvfNAE3dcvq7ll3xVumzjKjZQ5tI1sEUIKr3Uoks0XUl45St3FlatVqef9prk4jRDzhW6WZg+3bk93y6pLjA=="
    },
    "stubs": {
      "version": "3.0.0",
      "resolved": "https://registry.npmjs.org/stubs/-/stubs-3.0.0.tgz",
      "integrity": "sha1-6NK6H6nJBXAwPAMLaQD31fiavls="
    },
    "superagent": {
      "version": "3.8.3",
      "resolved": "https://registry.npmjs.org/superagent/-/superagent-3.8.3.tgz",
      "integrity": "sha512-GLQtLMCoEIK4eDv6OGtkOoSMt3D+oq0y3dsxMuYuDvaNUvuT8eFBuLmfR0iYYzHC1e8hpzC6ZsxbuP6DIalMFA==",
      "requires": {
        "component-emitter": "^1.2.0",
        "cookiejar": "^2.1.0",
        "debug": "^3.1.0",
        "extend": "^3.0.0",
        "form-data": "^2.3.1",
        "formidable": "^1.2.0",
        "methods": "^1.1.1",
        "mime": "^1.4.1",
        "qs": "^6.5.1",
        "readable-stream": "^2.3.5"
      },
      "dependencies": {
        "debug": {
          "version": "3.2.6",
          "resolved": "https://registry.npmjs.org/debug/-/debug-3.2.6.tgz",
          "integrity": "sha512-mel+jf7nrtEl5Pn1Qx46zARXKDpBbvzezse7p7LqINmdoIk8PYP5SySaxEmYv6TZ0JyEKA1hsCId6DIhgITtWQ==",
          "requires": {
            "ms": "^2.1.1"
          }
        },
        "mime": {
          "version": "1.6.0",
          "resolved": "https://registry.npmjs.org/mime/-/mime-1.6.0.tgz",
          "integrity": "sha512-x0Vn8spI+wuJ1O6S7gnbaQg8Pxh4NNHb7KSINmEWKiPE4RKOplvijn+NkmYmmRgP68mc70j2EbeTFRsrswaQeg=="
        },
        "readable-stream": {
          "version": "2.3.7",
          "resolved": "https://registry.npmjs.org/readable-stream/-/readable-stream-2.3.7.tgz",
          "integrity": "sha512-Ebho8K4jIbHAxnuxi7o42OrZgF/ZTNcsZj6nRKyUmkhLFq8CHItp/fy6hQZuZmP/n3yZ9VBUbp4zz/mX8hmYPw==",
          "requires": {
            "core-util-is": "~1.0.0",
            "inherits": "~2.0.3",
            "isarray": "~1.0.0",
            "process-nextick-args": "~2.0.0",
            "safe-buffer": "~5.1.1",
            "string_decoder": "~1.1.1",
            "util-deprecate": "~1.0.1"
          }
        },
        "safe-buffer": {
          "version": "5.1.2",
          "resolved": "https://registry.npmjs.org/safe-buffer/-/safe-buffer-5.1.2.tgz",
          "integrity": "sha512-Gd2UZBJDkXlY7GbJxfsE8/nvKkUEU1G38c1siN6QP6a9PT9MmHB8GnpscSmMJSoF8LOIrt8ud/wPtojys4G6+g=="
        },
        "string_decoder": {
          "version": "1.1.1",
          "resolved": "https://registry.npmjs.org/string_decoder/-/string_decoder-1.1.1.tgz",
          "integrity": "sha512-n/ShnvDi6FHbbVfviro+WojiFzv+s8MPMHBczVePfUpDJLwoLT0ht1l4YwBCbi8pJAveEEdnkHyPyTP/mzRfwg==",
          "requires": {
            "safe-buffer": "~5.1.0"
          }
        }
      }
    },
    "teeny-request": {
      "version": "7.0.0",
      "resolved": "https://registry.npmjs.org/teeny-request/-/teeny-request-7.0.0.tgz",
      "integrity": "sha512-kWD3sdGmIix6w7c8ZdVKxWq+3YwVPGWz+Mq0wRZXayEKY/YHb63b8uphfBzcFDmyq8frD9+UTc3wLyOhltRbtg==",
      "requires": {
        "http-proxy-agent": "^4.0.0",
        "https-proxy-agent": "^5.0.0",
        "node-fetch": "^2.2.0",
        "stream-events": "^1.0.5",
        "uuid": "^8.0.0"
      }
    },
    "through2": {
      "version": "3.0.2",
      "resolved": "https://registry.npmjs.org/through2/-/through2-3.0.2.tgz",
      "integrity": "sha512-enaDQ4MUyP2W6ZyT6EsMzqBPZaM/avg8iuo+l2d3QCs0J+6RaqkHV/2/lOwDTueBHeJ/2LG9lrLW3d5rWPucuQ==",
      "requires": {
        "inherits": "^2.0.4",
        "readable-stream": "2 || 3"
      }
    },
    "util-deprecate": {
      "version": "1.0.2",
      "resolved": "https://registry.npmjs.org/util-deprecate/-/util-deprecate-1.0.2.tgz",
      "integrity": "sha1-RQ1Nyfpw3nMnYvvS1KKJgUGaDM8="
    },
    "uuid": {
      "version": "8.3.0",
      "resolved": "https://registry.npmjs.org/uuid/-/uuid-8.3.0.tgz",
      "integrity": "sha512-fX6Z5o4m6XsXBdli9g7DtWgAx+osMsRRZFKma1mIUsLCz6vRvv+pz5VNbyu9UEDzpMWulZfvpgb/cmDXVulYFQ=="
    },
    "walkdir": {
      "version": "0.4.1",
      "resolved": "https://registry.npmjs.org/walkdir/-/walkdir-0.4.1.tgz",
      "integrity": "sha512-3eBwRyEln6E1MSzcxcVpQIhRG8Q1jLvEqRmCZqS3dsfXEDR/AhOF4d+jHg1qvDCpYaVRZjENPQyrVxAkQqxPgQ=="
    },
    "webrtc-adapter": {
      "version": "7.6.4",
      "resolved": "https://registry.npmjs.org/webrtc-adapter/-/webrtc-adapter-7.6.4.tgz",
      "integrity": "sha512-JHbYZeJldjRDpLFcei2C1eOaVyIGGX6D43P5ImNhm1O4JFPR4kpKATrL5Yn2gEdLKBHdlReVV80cc+yK55spbQ==",
      "requires": {
        "rtcpeerconnection-shim": "^1.2.15",
        "sdp": "^2.12.0"
      }
    },
    "which": {
      "version": "2.0.2",
      "resolved": "https://registry.npmjs.org/which/-/which-2.0.2.tgz",
      "integrity": "sha512-BLI3Tl1TW3Pvl70l3yq3Y64i+awpwXqsGBYWkkqMtnbXgrMD+yj7rhW0kuEDxzJaYXGjEW5ogapKNMEKNMjibA==",
      "requires": {
        "isexe": "^2.0.0"
      }
    },
    "wrappy": {
      "version": "1.0.2",
      "resolved": "https://registry.npmjs.org/wrappy/-/wrappy-1.0.2.tgz",
      "integrity": "sha1-tSQ9jz7BqjXxNkYFvA0QNuMKtp8="
    },
    "yallist": {
      "version": "4.0.0",
      "resolved": "https://registry.npmjs.org/yallist/-/yallist-4.0.0.tgz",
      "integrity": "sha512-3wdGidZyq5PB084XLES5TpOSRA3wjXAlIWMhum2kRcv/41Sn2emQ0dycQW4uZXLejwKvg6EsvbdlVL+FYEct7A=="
    }
  }
}
