{
  "name": "arizona",
  "version": "0.0.1",
  "lockfileVersion": 1,
  "requires": true,
  "dependencies": {
    "aseprite": {
      "version": "0.2.1",
      "resolved": "https://registry.npmjs.org/aseprite/-/aseprite-0.2.1.tgz",
      "integrity": "sha512-KnhX40plP6p1/Pc/0GHTwi6tKaizADM34skS5+Mzq+EN4xLWoSdiC1ffNnKGgdrxLXwk/6BXRH3KPenqeE7xng==",
      "requires": {
        "kaitai-struct": "0.9.0-SNAPSHOT.1"
      }
    },
    "kaitai-struct": {
      "version": "0.9.0-SNAPSHOT.1",
      "resolved": "https://registry.npmjs.org/kaitai-struct/-/kaitai-struct-0.9.0-SNAPSHOT.1.tgz",
      "integrity": "sha512-+xJH3mcSPxfxTrd+MycNaLfEtBAVeRNveKF0jW6J67wFnz6IVeG5Agki2emqWuVHMuymqWtFVJkrFRLRcbzFsQ=="
    }
  }
}
